
Microsoft Visual Studio Solution File, Format Version 12.00
# Visual Studio Version 16
VisualStudioVersion = 16.0.31410.357
MinimumVisualStudioVersion = 10.0.40219.1
Project("{FAE04EC0-301F-11D3-BF4B-00C04F79EFBC}") = "GetPost", "GetPost\GetPost.csproj", "{691A8AAF-5BEF-49C0-90E5-8A9FDA363741}"
EndProject
Global
	GlobalSection(SolutionConfigurationPlatforms) = preSolution
		Debug|Any CPU = Debug|Any CPU
		Release|Any CPU = Release|Any CPU
	EndGlobalSection
	GlobalSection(ProjectConfigurationPlatforms) = postSolution
		{691A8AAF-5BEF-49C0-90E5-8A9FDA363741}.Debug|Any CPU.ActiveCfg = Debug|Any CPU
		{691A8AAF-5BEF-49C0-90E5-8A9FDA363741}.Debug|Any CPU.Build.0 = Debug|Any CPU
		{691A8AAF-5BEF-49C0-90E5-8A9FDA363741}.Release|Any CPU.ActiveCfg = Release|Any CPU
		{691A8AAF-5BEF-49C0-90E5-8A9FDA363741}.Release|Any CPU.Build.0 = Release|Any CPU
	EndGlobalSection
	GlobalSection(SolutionProperties) = preSolution
		HideSolutionNode = FALSE
	EndGlobalSection
	GlobalSection(ExtensibilityGlobals) = postSolution
		SolutionGuid = {E0A65F45-3904-4C5C-8E26-F483193C7D1A}
	EndGlobalSection
EndGlobal
